
Microsoft Visual Studio Solution File, Format Version 12.00
# Visual Studio Version 16
VisualStudioVersion = 16.0.30223.230
MinimumVisualStudioVersion = 10.0.40219.1
Project("{9A19103F-16F7-4668-BE54-9A1E7A4F7556}") = "GildedRose", "GildedRose\GildedRose.csproj", "{BE678831-1F5B-41AA-84AB-FD05E7A50B7B}"
EndProject
Global
	GlobalSection(SolutionConfigurationPlatforms) = preSolution
		Debug|Any CPU = Debug|Any CPU
		Release|Any CPU = Release|Any CPU
	EndGlobalSection
	GlobalSection(ProjectConfigurationPlatforms) = postSolution
		{BE678831-1F5B-41AA-84AB-FD05E7A50B7B}.Debug|Any CPU.ActiveCfg = Debug|Any CPU
		{BE678831-1F5B-41AA-84AB-FD05E7A50B7B}.Debug|Any CPU.Build.0 = Debug|Any CPU
		{BE678831-1F5B-41AA-84AB-FD05E7A50B7B}.Release|Any CPU.ActiveCfg = Release|Any CPU
		{BE678831-1F5B-41AA-84AB-FD05E7A50B7B}.Release|Any CPU.Build.0 = Release|Any CPU
	EndGlobalSection
	GlobalSection(SolutionProperties) = preSolution
		HideSolutionNode = FALSE
	EndGlobalSection
	GlobalSection(ExtensibilityGlobals) = postSolution
		SolutionGuid = {80656FE6-6DDB-46D2-B35D-C2121E619DA0}
	EndGlobalSection
EndGlobal
